
Microsoft Visual Studio Solution File, Format Version 12.00
# Visual Studio Version 16
VisualStudioVersion = 16.0.33423.256
MinimumVisualStudioVersion = 10.0.40219.1
Project("{FAE04EC0-301F-11D3-BF4B-00C04F79EFBC}") = "LinearEquationResolver", "LinearEquationResolver.csproj", "{F4BB87CB-B287-4E67-9BEF-5916034E084C}"
EndProject
Global
	GlobalSection(SolutionConfigurationPlatforms) = preSolution
		Debug|Any CPU = Debug|Any CPU
		Release|Any CPU = Release|Any CPU
	EndGlobalSection
	GlobalSection(ProjectConfigurationPlatforms) = postSolution
		{F4BB87CB-B287-4E67-9BEF-5916034E084C}.Debug|Any CPU.ActiveCfg = Debug|Any CPU
		{F4BB87CB-B287-4E67-9BEF-5916034E084C}.Debug|Any CPU.Build.0 = Debug|Any CPU
		{F4BB87CB-B287-4E67-9BEF-5916034E084C}.Release|Any CPU.ActiveCfg = Release|Any CPU
		{F4BB87CB-B287-4E67-9BEF-5916034E084C}.Release|Any CPU.Build.0 = Release|Any CPU
	EndGlobalSection
	GlobalSection(SolutionProperties) = preSolution
		HideSolutionNode = FALSE
	EndGlobalSection
	GlobalSection(ExtensibilityGlobals) = postSolution
		SolutionGuid = {CEA24F30-E1AB-4F3C-9C68-D93FD435E6B6}
	EndGlobalSection
EndGlobal
